
Microsoft Visual Studio Solution File, Format Version 12.00
# Visual Studio Version 17
VisualStudioVersion = 17.12.35527.113
MinimumVisualStudioVersion = 10.0.40219.1
Project("{FAE04EC0-301F-11D3-BF4B-00C04F79EFBC}") = "Uniceps.app", "Uniceps.app\Uniceps.app.csproj", "{A0AEEFF1-4182-459B-8E29-4CD94AEF50A9}"
EndProject
Project("{FAE04EC0-301F-11D3-BF4B-00C04F79EFBC}") = "Uniceps.Entityframework", "Uniceps.Entityframework\Uniceps.Entityframework.csproj", "{059D5421-A40C-42E6-B630-BB9324E562FC}"
EndProject
Project("{FAE04EC0-301F-11D3-BF4B-00C04F79EFBC}") = "Uniceps.Core", "Uniceps.Core\Uniceps.Core.csproj", "{65C9E6EF-C95B-4290-BB81-EA2A1F7FF778}"
EndProject
Project("{FAE04EC0-301F-11D3-BF4B-00C04F79EFBC}") = "Uniceps.CQRS", "Uniceps.CQRS\Uniceps.CQRS.csproj", "{8535F62C-0467-42F4-9993-6FA7F91A5302}"
EndProject
Global
	GlobalSection(SolutionConfigurationPlatforms) = preSolution
		Debug|Any CPU = Debug|Any CPU
		Release|Any CPU = Release|Any CPU
	EndGlobalSection
	GlobalSection(ProjectConfigurationPlatforms) = postSolution
		{A0AEEFF1-4182-459B-8E29-4CD94AEF50A9}.Debug|Any CPU.ActiveCfg = Debug|Any CPU
		{A0AEEFF1-4182-459B-8E29-4CD94AEF50A9}.Debug|Any CPU.Build.0 = Debug|Any CPU
		{A0AEEFF1-4182-459B-8E29-4CD94AEF50A9}.Release|Any CPU.ActiveCfg = Release|Any CPU
		{A0AEEFF1-4182-459B-8E29-4CD94AEF50A9}.Release|Any CPU.Build.0 = Release|Any CPU
		{059D5421-A40C-42E6-B630-BB9324E562FC}.Debug|Any CPU.ActiveCfg = Debug|Any CPU
		{059D5421-A40C-42E6-B630-BB9324E562FC}.Debug|Any CPU.Build.0 = Debug|Any CPU
		{059D5421-A40C-42E6-B630-BB9324E562FC}.Release|Any CPU.ActiveCfg = Release|Any CPU
		{059D5421-A40C-42E6-B630-BB9324E562FC}.Release|Any CPU.Build.0 = Release|Any CPU
		{65C9E6EF-C95B-4290-BB81-EA2A1F7FF778}.Debug|Any CPU.ActiveCfg = Debug|Any CPU
		{65C9E6EF-C95B-4290-BB81-EA2A1F7FF778}.Debug|Any CPU.Build.0 = Debug|Any CPU
		{65C9E6EF-C95B-4290-BB81-EA2A1F7FF778}.Release|Any CPU.ActiveCfg = Release|Any CPU
		{65C9E6EF-C95B-4290-BB81-EA2A1F7FF778}.Release|Any CPU.Build.0 = Release|Any CPU
		{8535F62C-0467-42F4-9993-6FA7F91A5302}.Debug|Any CPU.ActiveCfg = Debug|Any CPU
		{8535F62C-0467-42F4-9993-6FA7F91A5302}.Debug|Any CPU.Build.0 = Debug|Any CPU
		{8535F62C-0467-42F4-9993-6FA7F91A5302}.Release|Any CPU.ActiveCfg = Release|Any CPU
		{8535F62C-0467-42F4-9993-6FA7F91A5302}.Release|Any CPU.Build.0 = Release|Any CPU
	EndGlobalSection
	GlobalSection(SolutionProperties) = preSolution
		HideSolutionNode = FALSE
	EndGlobalSection
EndGlobal
